
Microsoft Visual Studio Solution File, Format Version 12.00
# Visual Studio Version 17
VisualStudioVersion = 17.2.32630.192
MinimumVisualStudioVersion = 10.0.40219.1
Project("{FAE04EC0-301F-11D3-BF4B-00C04F79EFBC}") = "LanMonitor", "LanMonitor.csproj", "{0B624859-158F-4841-90E1-F3C050566439}"
EndProject
Project("{FAE04EC0-301F-11D3-BF4B-00C04F79EFBC}") = "LanMonitorLibrary", "LanMonitorLibrary\LanMonitorLibrary.csproj", "{A0A79FE5-D12D-4DED-A950-401BD49D01C5}"
EndProject
Global
	GlobalSection(SolutionConfigurationPlatforms) = preSolution
		Debug|Any CPU = Debug|Any CPU
		Release|Any CPU = Release|Any CPU
	EndGlobalSection
	GlobalSection(ProjectConfigurationPlatforms) = postSolution
		{0B624859-158F-4841-90E1-F3C050566439}.Debug|Any CPU.ActiveCfg = Debug|Any CPU
		{0B624859-158F-4841-90E1-F3C050566439}.Debug|Any CPU.Build.0 = Debug|Any CPU
		{0B624859-158F-4841-90E1-F3C050566439}.Release|Any CPU.ActiveCfg = Release|Any CPU
		{0B624859-158F-4841-90E1-F3C050566439}.Release|Any CPU.Build.0 = Release|Any CPU
		{A0A79FE5-D12D-4DED-A950-401BD49D01C5}.Debug|Any CPU.ActiveCfg = Debug|Any CPU
		{A0A79FE5-D12D-4DED-A950-401BD49D01C5}.Debug|Any CPU.Build.0 = Debug|Any CPU
		{A0A79FE5-D12D-4DED-A950-401BD49D01C5}.Release|Any CPU.ActiveCfg = Release|Any CPU
		{A0A79FE5-D12D-4DED-A950-401BD49D01C5}.Release|Any CPU.Build.0 = Release|Any CPU
	EndGlobalSection
	GlobalSection(SolutionProperties) = preSolution
		HideSolutionNode = FALSE
	EndGlobalSection
	GlobalSection(ExtensibilityGlobals) = postSolution
		SolutionGuid = {011F07C9-07BE-4566-8DB5-E25DE22E1D11}
	EndGlobalSection
EndGlobal
